// !$*UTF8*$!
{
	archiveVersion = 1;
	classes = {
	};
	objectVersion = 46;
	objects = {

/* Begin PBXBuildFile section */
		67A04DEE758C2B88EE8CE802 /* Pods_ImmiCalcUITests.framework in Frameworks */ = {isa = PBXBuildFile; fileRef = 5B033C157CA676E16E8EC01F /* Pods_ImmiCalcUITests.framework */; };
		AC0D8B411ED0AF5A004F0757 /* ViewController2.swift in Sources */ = {isa = PBXBuildFile; fileRef = AC0D8B401ED0AF5A004F0757 /* ViewController2.swift */; };
		AC1D0F451F0556A00061F30A /* NavController.swift in Sources */ = {isa = PBXBuildFile; fileRef = AC1D0F441F0556A00061F30A /* NavController.swift */; };
		ACB84FEE1ECFCAEC00A4444D /* AppDelegate.swift in Sources */ = {isa = PBXBuildFile; fileRef = ACB84FED1ECFCAEC00A4444D /* AppDelegate.swift */; };
		ACB84FF01ECFCAEC00A4444D /* ViewController.swift in Sources */ = {isa = PBXBuildFile; fileRef = ACB84FEF1ECFCAEC00A4444D /* ViewController.swift */; };
		ACB84FF31ECFCAEC00A4444D /* Main.storyboard in Resources */ = {isa = PBXBuildFile; fileRef = ACB84FF11ECFCAEC00A4444D /* Main.storyboard */; };
		ACB84FF61ECFCAEC00A4444D /* ImmiCalc.xcdatamodeld in Sources */ = {isa = PBXBuildFile; fileRef = ACB84FF41ECFCAEC00A4444D /* ImmiCalc.xcdatamodeld */; };
		ACB84FF81ECFCAEC00A4444D /* Assets.xcassets in Resources */ = {isa = PBXBuildFile; fileRef = ACB84FF71ECFCAEC00A4444D /* Assets.xcassets */; };
		ACB84FFB1ECFCAEC00A4444D /* LaunchScreen.storyboard in Resources */ = {isa = PBXBuildFile; fileRef = ACB84FF91ECFCAEC00A4444D /* LaunchScreen.storyboard */; };
		ACB850061ECFCAEC00A4444D /* ImmiCalcTests.swift in Sources */ = {isa = PBXBuildFile; fileRef = ACB850051ECFCAEC00A4444D /* ImmiCalcTests.swift */; };
		ACB850111ECFCAEC00A4444D /* ImmiCalcUITests.swift in Sources */ = {isa = PBXBuildFile; fileRef = ACB850101ECFCAEC00A4444D /* ImmiCalcUITests.swift */; };
		ACDB9BDD1F02AA4200230D14 /* ViewController3.swift in Sources */ = {isa = PBXBuildFile; fileRef = ACDB9BDC1F02AA4200230D14 /* ViewController3.swift */; };
		ACDB9BDF1F02FA8A00230D14 /* TableViewController.swift in Sources */ = {isa = PBXBuildFile; fileRef = ACDB9BDE1F02FA8A00230D14 /* TableViewController.swift */; };
		D3C4720076EE5BFCE2446D17 /* Pods_ImmiCalcTests.framework in Frameworks */ = {isa = PBXBuildFile; fileRef = EC47012871B71529DC53598B /* Pods_ImmiCalcTests.framework */; };
		E4EF5810543F87A98C6AF852 /* Pods_ImmiCalc.framework in Frameworks */ = {isa = PBXBuildFile; fileRef = CA509A2F63274EDE16A44E20 /* Pods_ImmiCalc.framework */; };
/* End PBXBuildFile section */

/* Begin PBXContainerItemProxy section */
		ACB850021ECFCAEC00A4444D /* PBXContainerItemProxy */ = {
			isa = PBXContainerItemProxy;
			containerPortal = ACB84FE21ECFCAEC00A4444D /* Project object */;
			proxyType = 1;
			remoteGlobalIDString = ACB84FE91ECFCAEC00A4444D;
			remoteInfo = ImmiCalc;
		};
		ACB8500D1ECFCAEC00A4444D /* PBXContainerItemProxy */ = {
			isa = PBXContainerItemProxy;
			containerPortal = ACB84FE21ECFCAEC00A4444D /* Project object */;
			proxyType = 1;
			remoteGlobalIDString = ACB84FE91ECFCAEC00A4444D;
			remoteInfo = ImmiCalc;
		};
/* End PBXContainerItemProxy section */

/* Begin PBXFileReference section */
		0A74B75ED069AF901E9CE85A /* Pods-ImmiCalc.release.xcconfig */ = {isa = PBXFileReference; includeInIndex = 1; lastKnownFileType = text.xcconfig; name = "Pods-ImmiCalc.release.xcconfig"; path = "Pods/Target Support Files/Pods-ImmiCalc/Pods-ImmiCalc.release.xcconfig"; sourceTree = "<group>"; };
		0E2B4A77B47F3B66436C724B /* Pods-ImmiCalcUITests.release.xcconfig */ = {isa = PBXFileReference; includeInIndex = 1; lastKnownFileType = text.xcconfig; name = "Pods-ImmiCalcUITests.release.xcconfig"; path = "Pods/Target Support Files/Pods-ImmiCalcUITests/Pods-ImmiCalcUITests.release.xcconfig"; sourceTree = "<group>"; };
		0F5C3C7F7CB20849F67FB097 /* Pods-ImmiCalcTests.release.xcconfig */ = {isa = PBXFileReference; includeInIndex = 1; lastKnownFileType = text.xcconfig; name = "Pods-ImmiCalcTests.release.xcconfig"; path = "Pods/Target Support Files/Pods-ImmiCalcTests/Pods-ImmiCalcTests.release.xcconfig"; sourceTree = "<group>"; };
		3C3A0220F8090039C366B628 /* Pods-ImmiCalc.debug.xcconfig */ = {isa = PBXFileReference; includeInIndex = 1; lastKnownFileType = text.xcconfig; name = "Pods-ImmiCalc.debug.xcconfig"; path = "Pods/Target Support Files/Pods-ImmiCalc/Pods-ImmiCalc.debug.xcconfig"; sourceTree = "<group>"; };
		49A9CF1C8D474F7805AE0218 /* Pods-ImmiCalcUITests.debug.xcconfig */ = {isa = PBXFileReference; includeInIndex = 1; lastKnownFileType = text.xcconfig; name = "Pods-ImmiCalcUITests.debug.xcconfig"; path = "Pods/Target Support Files/Pods-ImmiCalcUITests/Pods-ImmiCalcUITests.debug.xcconfig"; sourceTree = "<group>"; };
		5B033C157CA676E16E8EC01F /* Pods_ImmiCalcUITests.framework */ = {isa = PBXFileReference; explicitFileType = wrapper.framework; includeInIndex = 0; path = Pods_ImmiCalcUITests.framework; sourceTree = BUILT_PRODUCTS_DIR; };
		A0F91C130C514D7C84F640C2 /* Pods-ImmiCalcTests.debug.xcconfig */ = {isa = PBXFileReference; includeInIndex = 1; lastKnownFileType = text.xcconfig; name = "Pods-ImmiCalcTests.debug.xcconfig"; path = "Pods/Target Support Files/Pods-ImmiCalcTests/Pods-ImmiCalcTests.debug.xcconfig"; sourceTree = "<group>"; };
		AC0D8B401ED0AF5A004F0757 /* ViewController2.swift */ = {isa = PBXFileReference; fileEncoding = 4; lastKnownFileType = sourcecode.swift; path = ViewController2.swift; sourceTree = "<group>"; };
		AC1D0F441F0556A00061F30A /* NavController.swift */ = {isa = PBXFileReference; fileEncoding = 4; lastKnownFileType = sourcecode.swift; path = NavController.swift; sourceTree = "<group>"; };
		ACB84FEA1ECFCAEC00A4444D /* ImmiCalc.app */ = {isa = PBXFileReference; explicitFileType = wrapper.application; includeInIndex = 0; path = ImmiCalc.app; sourceTree = BUILT_PRODUCTS_DIR; };
		ACB84FED1ECFCAEC00A4444D /* AppDelegate.swift */ = {isa = PBXFileReference; lastKnownFileType = sourcecode.swift; path = AppDelegate.swift; sourceTree = "<group>"; };
		ACB84FEF1ECFCAEC00A4444D /* ViewController.swift */ = {isa = PBXFileReference; lastKnownFileType = sourcecode.swift; path = ViewController.swift; sourceTree = "<group>"; };
		ACB84FF21ECFCAEC00A4444D /* Base */ = {isa = PBXFileReference; lastKnownFileType = file.storyboard; name = Base; path = Base.lproj/Main.storyboard; sourceTree = "<group>"; };
		ACB84FF51ECFCAEC00A4444D /* ImmiCalc.xcdatamodel */ = {isa = PBXFileReference; lastKnownFileType = wrapper.xcdatamodel; path = ImmiCalc.xcdatamodel; sourceTree = "<group>"; };
		ACB84FF71ECFCAEC00A4444D /* Assets.xcassets */ = {isa = PBXFileReference; lastKnownFileType = folder.assetcatalog; path = Assets.xcassets; sourceTree = "<group>"; };
		ACB84FFA1ECFCAEC00A4444D /* Base */ = {isa = PBXFileReference; lastKnownFileType = file.storyboard; name = Base; path = Base.lproj/LaunchScreen.storyboard; sourceTree = "<group>"; };
		ACB84FFC1ECFCAEC00A4444D /* Info.plist */ = {isa = PBXFileReference; lastKnownFileType = text.plist.xml; path = Info.plist; sourceTree = "<group>"; };
		ACB850011ECFCAEC00A4444D /* ImmiCalcTests.xctest */ = {isa = PBXFileReference; explicitFileType = wrapper.cfbundle; includeInIndex = 0; path = ImmiCalcTests.xctest; sourceTree = BUILT_PRODUCTS_DIR; };
		ACB850051ECFCAEC00A4444D /* ImmiCalcTests.swift */ = {isa = PBXFileReference; lastKnownFileType = sourcecode.swift; path = ImmiCalcTests.swift; sourceTree = "<group>"; };
		ACB850071ECFCAEC00A4444D /* Info.plist */ = {isa = PBXFileReference; lastKnownFileType = text.plist.xml; path = Info.plist; sourceTree = "<group>"; };
		ACB8500C1ECFCAEC00A4444D /* ImmiCalcUITests.xctest */ = {isa = PBXFileReference; explicitFileType = wrapper.cfbundle; includeInIndex = 0; path = ImmiCalcUITests.xctest; sourceTree = BUILT_PRODUCTS_DIR; };
		ACB850101ECFCAEC00A4444D /* ImmiCalcUITests.swift */ = {isa = PBXFileReference; lastKnownFileType = sourcecode.swift; path = ImmiCalcUITests.swift; sourceTree = "<group>"; };
		ACB850121ECFCAEC00A4444D /* Info.plist */ = {isa = PBXFileReference; lastKnownFileType = text.plist.xml; path = Info.plist; sourceTree = "<group>"; };
		ACDB9BDC1F02AA4200230D14 /* ViewController3.swift */ = {isa = PBXFileReference; fileEncoding = 4; lastKnownFileType = sourcecode.swift; path = ViewController3.swift; sourceTree = "<group>"; };
		ACDB9BDE1F02FA8A00230D14 /* TableViewController.swift */ = {isa = PBXFileReference; fileEncoding = 4; lastKnownFileType = sourcecode.swift; path = TableViewController.swift; sourceTree = "<group>"; };
		CA509A2F63274EDE16A44E20 /* Pods_ImmiCalc.framework */ = {isa = PBXFileReference; explicitFileType = wrapper.framework; includeInIndex = 0; path = Pods_ImmiCalc.framework; sourceTree = BUILT_PRODUCTS_DIR; };
		EC47012871B71529DC53598B /* Pods_ImmiCalcTests.framework */ = {isa = PBXFileReference; explicitFileType = wrapper.framework; includeInIndex = 0; path = Pods_ImmiCalcTests.framework; sourceTree = BUILT_PRODUCTS_DIR; };
/* End PBXFileReference section */

/* Begin PBXFrameworksBuildPhase section */
		ACB84FE71ECFCAEC00A4444D /* Frameworks */ = {
			isa = PBXFrameworksBuildPhase;
			buildActionMask = 2147483647;
			files = (
				E4EF5810543F87A98C6AF852 /* Pods_ImmiCalc.framework in Frameworks */,
			);
			runOnlyForDeploymentPostprocessing = 0;
		};
		ACB84FFE1ECFCAEC00A4444D /* Frameworks */ = {
			isa = PBXFrameworksBuildPhase;
			buildActionMask = 2147483647;
			files = (
				D3C4720076EE5BFCE2446D17 /* Pods_ImmiCalcTests.framework in Frameworks */,
			);
			runOnlyForDeploymentPostprocessing = 0;
		};
		ACB850091ECFCAEC00A4444D /* Frameworks */ = {
			isa = PBXFrameworksBuildPhase;
			buildActionMask = 2147483647;
			files = (
				67A04DEE758C2B88EE8CE802 /* Pods_ImmiCalcUITests.framework in Frameworks */,
			);
			runOnlyForDeploymentPostprocessing = 0;
		};
/* End PBXFrameworksBuildPhase section */

/* Begin PBXGroup section */
		ACB84FE11ECFCAEC00A4444D = {
			isa = PBXGroup;
			children = (
				ACB84FEC1ECFCAEC00A4444D /* ImmiCalc */,
				ACB850041ECFCAEC00A4444D /* ImmiCalcTests */,
				ACB8500F1ECFCAEC00A4444D /* ImmiCalcUITests */,
				ACB84FEB1ECFCAEC00A4444D /* Products */,
				D8AB1F5806C45F6386FC70AA /* Pods */,
				D75CD99C18F00E0662353362 /* Frameworks */,
			);
			sourceTree = "<group>";
		};
		ACB84FEB1ECFCAEC00A4444D /* Products */ = {
			isa = PBXGroup;
			children = (
				ACB84FEA1ECFCAEC00A4444D /* ImmiCalc.app */,
				ACB850011ECFCAEC00A4444D /* ImmiCalcTests.xctest */,
				ACB8500C1ECFCAEC00A4444D /* ImmiCalcUITests.xctest */,
			);
			name = Products;
			sourceTree = "<group>";
		};
		ACB84FEC1ECFCAEC00A4444D /* ImmiCalc */ = {
			isa = PBXGroup;
			children = (
				ACB84FED1ECFCAEC00A4444D /* AppDelegate.swift */,
				AC1D0F441F0556A00061F30A /* NavController.swift */,
				ACB84FEF1ECFCAEC00A4444D /* ViewController.swift */,
				AC0D8B401ED0AF5A004F0757 /* ViewController2.swift */,
				ACDB9BDC1F02AA4200230D14 /* ViewController3.swift */,
				ACDB9BDE1F02FA8A00230D14 /* TableViewController.swift */,
				ACB84FF11ECFCAEC00A4444D /* Main.storyboard */,
				ACB84FF71ECFCAEC00A4444D /* Assets.xcassets */,
				ACB84FF91ECFCAEC00A4444D /* LaunchScreen.storyboard */,
				ACB84FFC1ECFCAEC00A4444D /* Info.plist */,
				ACB84FF41ECFCAEC00A4444D /* ImmiCalc.xcdatamodeld */,
			);
			path = ImmiCalc;
			sourceTree = "<group>";
		};
		ACB850041ECFCAEC00A4444D /* ImmiCalcTests */ = {
			isa = PBXGroup;
			children = (
				ACB850051ECFCAEC00A4444D /* ImmiCalcTests.swift */,
				ACB850071ECFCAEC00A4444D /* Info.plist */,
			);
			path = ImmiCalcTests;
			sourceTree = "<group>";
		};
		ACB8500F1ECFCAEC00A4444D /* ImmiCalcUITests */ = {
			isa = PBXGroup;
			children = (
				ACB850101ECFCAEC00A4444D /* ImmiCalcUITests.swift */,
				ACB850121ECFCAEC00A4444D /* Info.plist */,
			);
			path = ImmiCalcUITests;
			sourceTree = "<group>";
		};
		D75CD99C18F00E0662353362 /* Frameworks */ = {
			isa = PBXGroup;
			children = (
				CA509A2F63274EDE16A44E20 /* Pods_ImmiCalc.framework */,
				EC47012871B71529DC53598B /* Pods_ImmiCalcTests.framework */,
				5B033C157CA676E16E8EC01F /* Pods_ImmiCalcUITests.framework */,
			);
			name = Frameworks;
			sourceTree = "<group>";
		};
		D8AB1F5806C45F6386FC70AA /* Pods */ = {
			isa = PBXGroup;
			children = (
				3C3A0220F8090039C366B628 /* Pods-ImmiCalc.debug.xcconfig */,
				0A74B75ED069AF901E9CE85A /* Pods-ImmiCalc.release.xcconfig */,
				A0F91C130C514D7C84F640C2 /* Pods-ImmiCalcTests.debug.xcconfig */,
				0F5C3C7F7CB20849F67FB097 /* Pods-ImmiCalcTests.release.xcconfig */,
				49A9CF1C8D474F7805AE0218 /* Pods-ImmiCalcUITests.debug.xcconfig */,
				0E2B4A77B47F3B66436C724B /* Pods-ImmiCalcUITests.release.xcconfig */,
			);
			name = Pods;
			sourceTree = "<group>";
		};
/* End PBXGroup section */

/* Begin PBXNativeTarget section */
		ACB84FE91ECFCAEC00A4444D /* ImmiCalc */ = {
			isa = PBXNativeTarget;
			buildConfigurationList = ACB850151ECFCAEC00A4444D /* Build configuration list for PBXNativeTarget "ImmiCalc" */;
			buildPhases = (
				1E8A89037AF3718826A248AF /* [CP] Check Pods Manifest.lock */,
				ACB84FE61ECFCAEC00A4444D /* Sources */,
				ACB84FE71ECFCAEC00A4444D /* Frameworks */,
				ACB84FE81ECFCAEC00A4444D /* Resources */,
				8660A1EFBD6F509F4992500C /* [CP] Embed Pods Frameworks */,
				A822237F9FCCCE1C1756AD8A /* [CP] Copy Pods Resources */,
			);
			buildRules = (
			);
			dependencies = (
			);
			name = ImmiCalc;
			productName = ImmiCalc;
			productReference = ACB84FEA1ECFCAEC00A4444D /* ImmiCalc.app */;
			productType = "com.apple.product-type.application";
		};
		ACB850001ECFCAEC00A4444D /* ImmiCalcTests */ = {
			isa = PBXNativeTarget;
			buildConfigurationList = ACB850181ECFCAEC00A4444D /* Build configuration list for PBXNativeTarget "ImmiCalcTests" */;
			buildPhases = (
				1FDF160476E718124BCE35EA /* [CP] Check Pods Manifest.lock */,
				ACB84FFD1ECFCAEC00A4444D /* Sources */,
				ACB84FFE1ECFCAEC00A4444D /* Frameworks */,
				ACB84FFF1ECFCAEC00A4444D /* Resources */,
				D7CC96442D269C30441C03CB /* [CP] Embed Pods Frameworks */,
				549E9569A27306DCFEB5DB37 /* [CP] Copy Pods Resources */,
			);
			buildRules = (
			);
			dependencies = (
				ACB850031ECFCAEC00A4444D /* PBXTargetDependency */,
			);
			name = ImmiCalcTests;
			productName = ImmiCalcTests;
			productReference = ACB850011ECFCAEC00A4444D /* ImmiCalcTests.xctest */;
			productType = "com.apple.product-type.bundle.unit-test";
		};
		ACB8500B1ECFCAEC00A4444D /* ImmiCalcUITests */ = {
			isa = PBXNativeTarget;
			buildConfigurationList = ACB8501B1ECFCAEC00A4444D /* Build configuration list for PBXNativeTarget "ImmiCalcUITests" */;
			buildPhases = (
				DC520DF72F617F8956B28964 /* [CP] Check Pods Manifest.lock */,
				ACB850081ECFCAEC00A4444D /* Sources */,
				ACB850091ECFCAEC00A4444D /* Frameworks */,
				ACB8500A1ECFCAEC00A4444D /* Resources */,
				9619BA5E96B83523F2BDAB99 /* [CP] Embed Pods Frameworks */,
				ED71A14C48E19158399C9813 /* [CP] Copy Pods Resources */,
			);
			buildRules = (
			);
			dependencies = (
				ACB8500E1ECFCAEC00A4444D /* PBXTargetDependency */,
			);
			name = ImmiCalcUITests;
			productName = ImmiCalcUITests;
			productReference = ACB8500C1ECFCAEC00A4444D /* ImmiCalcUITests.xctest */;
			productType = "com.apple.product-type.bundle.ui-testing";
		};
/* End PBXNativeTarget section */

/* Begin PBXProject section */
		ACB84FE21ECFCAEC00A4444D /* Project object */ = {
			isa = PBXProject;
			attributes = {
				LastSwiftUpdateCheck = 0830;
				LastUpgradeCheck = 0830;
				ORGANIZATIONNAME = Raining;
				TargetAttributes = {
					ACB84FE91ECFCAEC00A4444D = {
						CreatedOnToolsVersion = 8.3.2;
						ProvisioningStyle = Automatic;
					};
					ACB850001ECFCAEC00A4444D = {
						CreatedOnToolsVersion = 8.3.2;
						ProvisioningStyle = Automatic;
						TestTargetID = ACB84FE91ECFCAEC00A4444D;
					};
					ACB8500B1ECFCAEC00A4444D = {
						CreatedOnToolsVersion = 8.3.2;
						ProvisioningStyle = Automatic;
						TestTargetID = ACB84FE91ECFCAEC00A4444D;
					};
				};
			};
			buildConfigurationList = ACB84FE51ECFCAEC00A4444D /* Build configuration list for PBXProject "ImmiCalc" */;
			compatibilityVersion = "Xcode 3.2";
			developmentRegion = English;
			hasScannedForEncodings = 0;
			knownRegions = (
				en,
				Base,
			);
			mainGroup = ACB84FE11ECFCAEC00A4444D;
			productRefGroup = ACB84FEB1ECFCAEC00A4444D /* Products */;
			projectDirPath = "";
			projectRoot = "";
			targets = (
				ACB84FE91ECFCAEC00A4444D /* ImmiCalc */,
				ACB850001ECFCAEC00A4444D /* ImmiCalcTests */,
				ACB8500B1ECFCAEC00A4444D /* ImmiCalcUITests */,
			);
		};
/* End PBXProject section */

/* Begin PBXResourcesBuildPhase section */
		ACB84FE81ECFCAEC00A4444D /* Resources */ = {
			isa = PBXResourcesBuildPhase;
			buildActionMask = 2147483647;
			files = (
				ACB84FFB1ECFCAEC00A4444D /* LaunchScreen.storyboard in Resources */,
				ACB84FF81ECFCAEC00A4444D /* Assets.xcassets in Resources */,
				ACB84FF31ECFCAEC00A4444D /* Main.storyboard in Resources */,
			);
			runOnlyForDeploymentPostprocessing = 0;
		};
		ACB84FFF1ECFCAEC00A4444D /* Resources */ = {
			isa = PBXResourcesBuildPhase;
			buildActionMask = 2147483647;
			files = (
			);
			runOnlyForDeploymentPostprocessing = 0;
		};
		ACB8500A1ECFCAEC00A4444D /* Resources */ = {
			isa = PBXResourcesBuildPhase;
			buildActionMask = 2147483647;
			files = (
			);
			runOnlyForDeploymentPostprocessing = 0;
		};
/* End PBXResourcesBuildPhase section */

/* Begin PBXShellScriptBuildPhase section */
		1E8A89037AF3718826A248AF /* [CP] Check Pods Manifest.lock */ = {
			isa = PBXShellScriptBuildPhase;
			buildActionMask = 2147483647;
			files = (
			);
			inputPaths = (
			);
			name = "[CP] Check Pods Manifest.lock";
			outputPaths = (
			);
			runOnlyForDeploymentPostprocessing = 0;
			shellPath = /bin/sh;
			shellScript = "diff \"${PODS_PODFILE_DIR_PATH}/Podfile.lock\" \"${PODS_ROOT}/Manifest.lock\" > /dev/null\nif [ $? != 0 ] ; then\n    # print error to STDERR\n    echo \"error: The sandbox is not in sync with the Podfile.lock. Run 'pod install' or update your CocoaPods installation.\" >&2\n    exit 1\nfi\n";
			showEnvVarsInLog = 0;
		};
		1FDF160476E718124BCE35EA /* [CP] Check Pods Manifest.lock */ = {
			isa = PBXShellScriptBuildPhase;
			buildActionMask = 2147483647;
			files = (
			);
			inputPaths = (
			);
			name = "[CP] Check Pods Manifest.lock";
			outputPaths = (
			);
			runOnlyForDeploymentPostprocessing = 0;
			shellPath = /bin/sh;
			shellScript = "diff \"${PODS_PODFILE_DIR_PATH}/Podfile.lock\" \"${PODS_ROOT}/Manifest.lock\" > /dev/null\nif [ $? != 0 ] ; then\n    # print error to STDERR\n    echo \"error: The sandbox is not in sync with the Podfile.lock. Run 'pod install' or update your CocoaPods installation.\" >&2\n    exit 1\nfi\n";
			showEnvVarsInLog = 0;
		};
		549E9569A27306DCFEB5DB37 /* [CP] Copy Pods Resources */ = {
			isa = PBXShellScriptBuildPhase;
			buildActionMask = 2147483647;
			files = (
			);
			inputPaths = (
			);
			name = "[CP] Copy Pods Resources";
			outputPaths = (
			);
			runOnlyForDeploymentPostprocessing = 0;
			shellPath = /bin/sh;
			shellScript = "\"${SRCROOT}/Pods/Target Support Files/Pods-ImmiCalcTests/Pods-ImmiCalcTests-resources.sh\"\n";
			showEnvVarsInLog = 0;
		};
		8660A1EFBD6F509F4992500C /* [CP] Embed Pods Frameworks */ = {
			isa = PBXShellScriptBuildPhase;
			buildActionMask = 2147483647;
			files = (
			);
			inputPaths = (
			);
			name = "[CP] Embed Pods Frameworks";
			outputPaths = (
			);
			runOnlyForDeploymentPostprocessing = 0;
			shellPath = /bin/sh;
			shellScript = "\"${SRCROOT}/Pods/Target Support Files/Pods-ImmiCalc/Pods-ImmiCalc-frameworks.sh\"\n";
			showEnvVarsInLog = 0;
		};
		9619BA5E96B83523F2BDAB99 /* [CP] Embed Pods Frameworks */ = {
			isa = PBXShellScriptBuildPhase;
			buildActionMask = 2147483647;
			files = (
			);
			inputPaths = (
			);
			name = "[CP] Embed Pods Frameworks";
			outputPaths = (
			);
			runOnlyForDeploymentPostprocessing = 0;
			shellPath = /bin/sh;
			shellScript = "\"${SRCROOT}/Pods/Target Support Files/Pods-ImmiCalcUITests/Pods-ImmiCalcUITests-frameworks.sh\"\n";
			showEnvVarsInLog = 0;
		};
		A822237F9FCCCE1C1756AD8A /* [CP] Copy Pods Resources */ = {
			isa = PBXShellScriptBuildPhase;
			buildActionMask = 2147483647;
			files = (
			);
			inputPaths = (
			);
			name = "[CP] Copy Pods Resources";
			outputPaths = (
			);
			runOnlyForDeploymentPostprocessing = 0;
			shellPath = /bin/sh;
			shellScript = "\"${SRCROOT}/Pods/Target Support Files/Pods-ImmiCalc/Pods-ImmiCalc-resources.sh\"\n";
			showEnvVarsInLog = 0;
		};
		D7CC96442D269C30441C03CB /* [CP] Embed Pods Frameworks */ = {
			isa = PBXShellScriptBuildPhase;
			buildActionMask = 2147483647;
			files = (
			);
			inputPaths = (
			);
			name = "[CP] Embed Pods Frameworks";
			outputPaths = (
			);
			runOnlyForDeploymentPostprocessing = 0;
			shellPath = /bin/sh;
			shellScript = "\"${SRCROOT}/Pods/Target Support Files/Pods-ImmiCalcTests/Pods-ImmiCalcTests-frameworks.sh\"\n";
			showEnvVarsInLog = 0;
		};
		DC520DF72F617F8956B28964 /* [CP] Check Pods Manifest.lock */ = {
			isa = PBXShellScriptBuildPhase;
			buildActionMask = 2147483647;
			files = (
			);
			inputPaths = (
			);
			name = "[CP] Check Pods Manifest.lock";
			outputPaths = (
			);
			runOnlyForDeploymentPostprocessing = 0;
			shellPath = /bin/sh;
			shellScript = "diff \"${PODS_PODFILE_DIR_PATH}/Podfile.lock\" \"${PODS_ROOT}/Manifest.lock\" > /dev/null\nif [ $? != 0 ] ; then\n    # print error to STDERR\n    echo \"error: The sandbox is not in sync with the Podfile.lock. Run 'pod install' or update your CocoaPods installation.\" >&2\n    exit 1\nfi\n";
			showEnvVarsInLog = 0;
		};
		ED71A14C48E19158399C9813 /* [CP] Copy Pods Resources */ = {
			isa = PBXShellScriptBuildPhase;
			buildActionMask = 2147483647;
			files = (
			);
			inputPaths = (
			);
			name = "[CP] Copy Pods Resources";
			outputPaths = (
			);
			runOnlyForDeploymentPostprocessing = 0;
			shellPath = /bin/sh;
			shellScript = "\"${SRCROOT}/Pods/Target Support Files/Pods-ImmiCalcUITests/Pods-ImmiCalcUITests-resources.sh\"\n";
			showEnvVarsInLog = 0;
		};
/* End PBXShellScriptBuildPhase section */

/* Begin PBXSourcesBuildPhase section */
		ACB84FE61ECFCAEC00A4444D /* Sources */ = {
			isa = PBXSourcesBuildPhase;
			buildActionMask = 2147483647;
			files = (
				ACDB9BDD1F02AA4200230D14 /* ViewController3.swift in Sources */,
				AC1D0F451F0556A00061F30A /* NavController.swift in Sources */,
				ACDB9BDF1F02FA8A00230D14 /* TableViewController.swift in Sources */,
				ACB84FF61ECFCAEC00A4444D /* ImmiCalc.xcdatamodeld in Sources */,
				AC0D8B411ED0AF5A004F0757 /* ViewController2.swift in Sources */,
				ACB84FF01ECFCAEC00A4444D /* ViewController.swift in Sources */,
				ACB84FEE1ECFCAEC00A4444D /* AppDelegate.swift in Sources */,
			);
			runOnlyForDeploymentPostprocessing = 0;
		};
		ACB84FFD1ECFCAEC00A4444D /* Sources */ = {
			isa = PBXSourcesBuildPhase;
			buildActionMask = 2147483647;
			files = (
				ACB850061ECFCAEC00A4444D /* ImmiCalcTests.swift in Sources */,
			);
			runOnlyForDeploymentPostprocessing = 0;
		};
		ACB850081ECFCAEC00A4444D /* Sources */ = {
			isa = PBXSourcesBuildPhase;
			buildActionMask = 2147483647;
			files = (
				ACB850111ECFCAEC00A4444D /* ImmiCalcUITests.swift in Sources */,
			);
			runOnlyForDeploymentPostprocessing = 0;
		};
/* End PBXSourcesBuildPhase section */

/* Begin PBXTargetDependency section */
		ACB850031ECFCAEC00A4444D /* PBXTargetDependency */ = {
			isa = PBXTargetDependency;
			target = ACB84FE91ECFCAEC00A4444D /* ImmiCalc */;
			targetProxy = ACB850021ECFCAEC00A4444D /* PBXContainerItemProxy */;
		};
		ACB8500E1ECFCAEC00A4444D /* PBXTargetDependency */ = {
			isa = PBXTargetDependency;
			target = ACB84FE91ECFCAEC00A4444D /* ImmiCalc */;
			targetProxy = ACB8500D1ECFCAEC00A4444D /* PBXContainerItemProxy */;
		};
/* End PBXTargetDependency section */

/* Begin PBXVariantGroup section */
		ACB84FF11ECFCAEC00A4444D /* Main.storyboard */ = {
			isa = PBXVariantGroup;
			children = (
				ACB84FF21ECFCAEC00A4444D /* Base */,
			);
			name = Main.storyboard;
			sourceTree = "<group>";
		};
		ACB84FF91ECFCAEC00A4444D /* LaunchScreen.storyboard */ = {
			isa = PBXVariantGroup;
			children = (
				ACB84FFA1ECFCAEC00A4444D /* Base */,
			);
			name = LaunchScreen.storyboard;
			sourceTree = "<group>";
		};
/* End PBXVariantGroup section */

/* Begin XCBuildConfiguration section */
		ACB850131ECFCAEC00A4444D /* Debug */ = {
			isa = XCBuildConfiguration;
			buildSettings = {
				ALWAYS_SEARCH_USER_PATHS = NO;
				CLANG_ANALYZER_NONNULL = YES;
				CLANG_ANALYZER_NUMBER_OBJECT_CONVERSION = YES_AGGRESSIVE;
				CLANG_CXX_LANGUAGE_STANDARD = "gnu++0x";
				CLANG_CXX_LIBRARY = "libc++";
				CLANG_ENABLE_MODULES = YES;
				CLANG_ENABLE_OBJC_ARC = YES;
				CLANG_WARN_BOOL_CONVERSION = YES;
				CLANG_WARN_CONSTANT_CONVERSION = YES;
				CLANG_WARN_DIRECT_OBJC_ISA_USAGE = YES_ERROR;
				CLANG_WARN_DOCUMENTATION_COMMENTS = YES;
				CLANG_WARN_EMPTY_BODY = YES;
				CLANG_WARN_ENUM_CONVERSION = YES;
				CLANG_WARN_INFINITE_RECURSION = YES;
				CLANG_WARN_INT_CONVERSION = YES;
				CLANG_WARN_OBJC_ROOT_CLASS = YES_ERROR;
				CLANG_WARN_SUSPICIOUS_MOVE = YES;
				CLANG_WARN_UNREACHABLE_CODE = YES;
				CLANG_WARN__DUPLICATE_METHOD_MATCH = YES;
				"CODE_SIGN_IDENTITY[sdk=iphoneos*]" = "iPhone Developer";
				COPY_PHASE_STRIP = NO;
				DEBUG_INFORMATION_FORMAT = dwarf;
				ENABLE_STRICT_OBJC_MSGSEND = YES;
				ENABLE_TESTABILITY = YES;
				GCC_C_LANGUAGE_STANDARD = gnu99;
				GCC_DYNAMIC_NO_PIC = NO;
				GCC_NO_COMMON_BLOCKS = YES;
				GCC_OPTIMIZATION_LEVEL = 0;
				GCC_PREPROCESSOR_DEFINITIONS = (
					"DEBUG=1",
					"$(inherited)",
				);
				GCC_WARN_64_TO_32_BIT_CONVERSION = YES;
				GCC_WARN_ABOUT_RETURN_TYPE = YES_ERROR;
				GCC_WARN_UNDECLARED_SELECTOR = YES;
				GCC_WARN_UNINITIALIZED_AUTOS = YES_AGGRESSIVE;
				GCC_WARN_UNUSED_FUNCTION = YES;
				GCC_WARN_UNUSED_VARIABLE = YES;
				IPHONEOS_DEPLOYMENT_TARGET = 10.3;
				MTL_ENABLE_DEBUG_INFO = YES;
				ONLY_ACTIVE_ARCH = YES;
				SDKROOT = iphoneos;
				SWIFT_ACTIVE_COMPILATION_CONDITIONS = DEBUG;
				SWIFT_OPTIMIZATION_LEVEL = "-Onone";
			};
			name = Debug;
		};
		ACB850141ECFCAEC00A4444D /* Release */ = {
			isa = XCBuildConfiguration;
			buildSettings = {
				ALWAYS_SEARCH_USER_PATHS = NO;
				CLANG_ANALYZER_NONNULL = YES;
				CLANG_ANALYZER_NUMBER_OBJECT_CONVERSION = YES_AGGRESSIVE;
				CLANG_CXX_LANGUAGE_STANDARD = "gnu++0x";
				CLANG_CXX_LIBRARY = "libc++";
				CLANG_ENABLE_MODULES = YES;
				CLANG_ENABLE_OBJC_ARC = YES;
				CLANG_WARN_BOOL_CONVERSION = YES;
				CLANG_WARN_CONSTANT_CONVERSION = YES;
				CLANG_WARN_DIRECT_OBJC_ISA_USAGE = YES_ERROR;
				CLANG_WARN_DOCUMENTATION_COMMENTS = YES;
				CLANG_WARN_EMPTY_BODY = YES;
				CLANG_WARN_ENUM_CONVERSION = YES;
				CLANG_WARN_INFINITE_RECURSION = YES;
				CLANG_WARN_INT_CONVERSION = YES;
				CLANG_WARN_OBJC_ROOT_CLASS = YES_ERROR;
				CLANG_WARN_SUSPICIOUS_MOVE = YES;
				CLANG_WARN_UNREACHABLE_CODE = YES;
				CLANG_WARN__DUPLICATE_METHOD_MATCH = YES;
				"CODE_SIGN_IDENTITY[sdk=iphoneos*]" = "iPhone Developer";
				COPY_PHASE_STRIP = NO;
				DEBUG_INFORMATION_FORMAT = "dwarf-with-dsym";
				ENABLE_NS_ASSERTIONS = NO;
				ENABLE_STRICT_OBJC_MSGSEND = YES;
				GCC_C_LANGUAGE_STANDARD = gnu99;
				GCC_NO_COMMON_BLOCKS = YES;
				GCC_WARN_64_TO_32_BIT_CONVERSION = YES;
				GCC_WARN_ABOUT_RETURN_TYPE = YES_ERROR;
				GCC_WARN_UNDECLARED_SELECTOR = YES;
				GCC_WARN_UNINITIALIZED_AUTOS = YES_AGGRESSIVE;
				GCC_WARN_UNUSED_FUNCTION = YES;
				GCC_WARN_UNUSED_VARIABLE = YES;
				IPHONEOS_DEPLOYMENT_TARGET = 10.3;
				MTL_ENABLE_DEBUG_INFO = NO;
				SDKROOT = iphoneos;
				SWIFT_OPTIMIZATION_LEVEL = "-Owholemodule";
				VALIDATE_PRODUCT = YES;
			};
			name = Release;
		};
		ACB850161ECFCAEC00A4444D /* Debug */ = {
			isa = XCBuildConfiguration;
			baseConfigurationReference = 3C3A0220F8090039C366B628 /* Pods-ImmiCalc.debug.xcconfig */;
			buildSettings = {
				ASSETCATALOG_COMPILER_APPICON_NAME = AppIcon;
				INFOPLIST_FILE = ImmiCalc/Info.plist;
				LD_RUNPATH_SEARCH_PATHS = "$(inherited) @executable_path/Frameworks";
				PRODUCT_BUNDLE_IDENTIFIER = Raining.ImmiCalc;
				PRODUCT_NAME = "$(TARGET_NAME)";
				SWIFT_VERSION = 3.0;
				TARGETED_DEVICE_FAMILY = 1;
			};
			name = Debug;
		};
		ACB850171ECFCAEC00A4444D /* Release */ = {
			isa = XCBuildConfiguration;
			baseConfigurationReference = 0A74B75ED069AF901E9CE85A /* Pods-ImmiCalc.release.xcconfig */;
			buildSettings = {
				ASSETCATALOG_COMPILER_APPICON_NAME = AppIcon;
				INFOPLIST_FILE = ImmiCalc/Info.plist;
				LD_RUNPATH_SEARCH_PATHS = "$(inherited) @executable_path/Frameworks";
				PRODUCT_BUNDLE_IDENTIFIER = Raining.ImmiCalc;
				PRODUCT_NAME = "$(TARGET_NAME)";
				SWIFT_VERSION = 3.0;
				TARGETED_DEVICE_FAMILY = 1;
			};
			name = Release;
		};
		ACB850191ECFCAEC00A4444D /* Debug */ = {
			isa = XCBuildConfiguration;
			baseConfigurationReference = A0F91C130C514D7C84F640C2 /* Pods-ImmiCalcTests.debug.xcconfig */;
			buildSettings = {
				ALWAYS_EMBED_SWIFT_STANDARD_LIBRARIES = YES;
				BUNDLE_LOADER = "$(TEST_HOST)";
				INFOPLIST_FILE = ImmiCalcTests/Info.plist;
				LD_RUNPATH_SEARCH_PATHS = "$(inherited) @executable_path/Frameworks @loader_path/Frameworks";
				PRODUCT_BUNDLE_IDENTIFIER = Raining.ImmiCalcTests;
				PRODUCT_NAME = "$(TARGET_NAME)";
				SWIFT_VERSION = 3.0;
				TEST_HOST = "$(BUILT_PRODUCTS_DIR)/ImmiCalc.app/ImmiCalc";
			};
			name = Debug;
		};
		ACB8501A1ECFCAEC00A4444D /* Release */ = {
			isa = XCBuildConfiguration;
			baseConfigurationReference = 0F5C3C7F7CB20849F67FB097 /* Pods-ImmiCalcTests.release.xcconfig */;
			buildSettings = {
				ALWAYS_EMBED_SWIFT_STANDARD_LIBRARIES = YES;
				BUNDLE_LOADER = "$(TEST_HOST)";
				INFOPLIST_FILE = ImmiCalcTests/Info.plist;
				LD_RUNPATH_SEARCH_PATHS = "$(inherited) @executable_path/Frameworks @loader_path/Frameworks";
				PRODUCT_BUNDLE_IDENTIFIER = Raining.ImmiCalcTests;
				PRODUCT_NAME = "$(TARGET_NAME)";
				SWIFT_VERSION = 3.0;
				TEST_HOST = "$(BUILT_PRODUCTS_DIR)/ImmiCalc.app/ImmiCalc";
			};
			name = Release;
		};
		ACB8501C1ECFCAEC00A4444D /* Debug */ = {
			isa = XCBuildConfiguration;
			baseConfigurationReference = 49A9CF1C8D474F7805AE0218 /* Pods-ImmiCalcUITests.debug.xcconfig */;
			buildSettings = {
				ALWAYS_EMBED_SWIFT_STANDARD_LIBRARIES = YES;
				INFOPLIST_FILE = ImmiCalcUITests/Info.plist;
				LD_RUNPATH_SEARCH_PATHS = "$(inherited) @executable_path/Frameworks @loader_path/Frameworks";
				PRODUCT_BUNDLE_IDENTIFIER = Raining.ImmiCalcUITests;
				PRODUCT_NAME = "$(TARGET_NAME)";
				SWIFT_VERSION = 3.0;
				TEST_TARGET_NAME = ImmiCalc;
			};
			name = Debug;
		};
		ACB8501D1ECFCAEC00A4444D /* Release */ = {
			isa = XCBuildConfiguration;
			baseConfigurationReference = 0E2B4A77B47F3B66436C724B /* Pods-ImmiCalcUITests.release.xcconfig */;
			buildSettings = {
				ALWAYS_EMBED_SWIFT_STANDARD_LIBRARIES = YES;
				INFOPLIST_FILE = ImmiCalcUITests/Info.plist;
				LD_RUNPATH_SEARCH_PATHS = "$(inherited) @executable_path/Frameworks @loader_path/Frameworks";
				PRODUCT_BUNDLE_IDENTIFIER = Raining.ImmiCalcUITests;
				PRODUCT_NAME = "$(TARGET_NAME)";
				SWIFT_VERSION = 3.0;
				TEST_TARGET_NAME = ImmiCalc;
			};
			name = Release;
		};
/* End XCBuildConfiguration section */

/* Begin XCConfigurationList section */
		ACB84FE51ECFCAEC00A4444D /* Build configuration list for PBXProject "ImmiCalc" */ = {
			isa = XCConfigurationList;
			buildConfigurations = (
				ACB850131ECFCAEC00A4444D /* Debug */,
				ACB850141ECFCAEC00A4444D /* Release */,
			);
			defaultConfigurationIsVisible = 0;
			defaultConfigurationName = Release;
		};
		ACB850151ECFCAEC00A4444D /* Build configuration list for PBXNativeTarget "ImmiCalc" */ = {
			isa = XCConfigurationList;
			buildConfigurations = (
				ACB850161ECFCAEC00A4444D /* Debug */,
				ACB850171ECFCAEC00A4444D /* Release */,
			);
			defaultConfigurationIsVisible = 0;
			defaultConfigurationName = Release;
		};
		ACB850181ECFCAEC00A4444D /* Build configuration list for PBXNativeTarget "ImmiCalcTests" */ = {
			isa = XCConfigurationList;
			buildConfigurations = (
				ACB850191ECFCAEC00A4444D /* Debug */,
				ACB8501A1ECFCAEC00A4444D /* Release */,
			);
			defaultConfigurationIsVisible = 0;
			defaultConfigurationName = Release;
		};
		ACB8501B1ECFCAEC00A4444D /* Build configuration list for PBXNativeTarget "ImmiCalcUITests" */ = {
			isa = XCConfigurationList;
			buildConfigurations = (
				ACB8501C1ECFCAEC00A4444D /* Debug */,
				ACB8501D1ECFCAEC00A4444D /* Release */,
			);
			defaultConfigurationIsVisible = 0;
			defaultConfigurationName = Release;
		};
/* End XCConfigurationList section */

/* Begin XCVersionGroup section */
		ACB84FF41ECFCAEC00A4444D /* ImmiCalc.xcdatamodeld */ = {
			isa = XCVersionGroup;
			children = (
				ACB84FF51ECFCAEC00A4444D /* ImmiCalc.xcdatamodel */,
			);
			currentVersion = ACB84FF51ECFCAEC00A4444D /* ImmiCalc.xcdatamodel */;
			path = ImmiCalc.xcdatamodeld;
			sourceTree = "<group>";
			versionGroupType = wrapper.xcdatamodel;
		};
/* End XCVersionGroup section */
	};
	rootObject = ACB84FE21ECFCAEC00A4444D /* Project object */;
}
